<?xml version="1.0" encoding="utf-8"?>
<Project ToolsVersion="4.0" xmlns="http://schemas.microsoft.com/developer/msbuild/2003">
  <ItemGroup>
    <Filter Include="Source Files">
      <UniqueIdentifier>{4FC737F1-C7A5-4376-A066-2A32D752A2FF}</UniqueIdentifier>
      <Extensions>cpp;c;cc;cxx;c++;def;odl;idl;hpj;bat;asm;asmx</Extensions>
    </Filter>
    <Filter Include="Header Files">
      <UniqueIdentifier>{93995380-89BD-4b04-88EB-625FBE52EBFB}</UniqueIdentifier>
      <Extensions>h;hh;hpp;hxx;h++;hm;inl;inc;ipp;xsd</Extensions>
    </Filter>
    <Filter Include="Resource Files">
      <UniqueIdentifier>{67DA6AB6-F800-4c08-8B7A-83BB121AAD01}</UniqueIdentifier>
      <Extensions>rc;ico;cur;bmp;dlg;rc2;rct;bin;rgs;gif;jpg;jpeg;jpe;resx;tiff;tif;png;wav;mfcribbon-ms</Extensions>
    </Filter>
    <Filter Include="SWIG">
      <UniqueIdentifier>{96c56824-6266-4140-9719-9073ea15b37d}</UniqueIdentifier>
    </Filter>
    <Filter Include="SWIG\Common">
      <UniqueIdentifier>{253c73ef-52c4-4e8b-9e40-d9b8c6de56a0}</UniqueIdentifier>
    </Filter>
    <Filter Include="SWIG\Ipi">
      <UniqueIdentifier>{17fca759-5c1d-4b61-85cf-74bd18735e9c}</UniqueIdentifier>
    </Filter>
  </ItemGroup>
  <ItemGroup>
    <None Include="..\ip-intelligence-cxx\src\ipi.i">
      <Filter>SWIG</Filter>
    </None>
    <None Include="ipi_csharp.i">
      <Filter>SWIG</Filter>
    </None>
    <None Include="..\ip-intelligence-cxx\src\ConfigIpi.i">
      <Filter>SWIG\Ipi</Filter>
    </None>
    <None Include="..\ip-intelligence-cxx\src\EngineIpi.i">
      <Filter>SWIG\Ipi</Filter>
    </None>
    <None Include="..\ip-intelligence-cxx\src\EvidenceIpi.i">
      <Filter>SWIG\Ipi</Filter>
    </None>
    <None Include="..\ip-intelligence-cxx\src\ip.i">
      <Filter>SWIG\Ipi</Filter>
    </None>
    <None Include="..\ip-intelligence-cxx\src\ResultsIpi.i">
      <Filter>SWIG\Ipi</Filter>
    </None>
    <None Include="..\ip-intelligence-cxx\src\WeightedValue.i">
      <Filter>SWIG\Ipi</Filter>
    </None>
    <None Include="..\ip-intelligence-cxx\src\common-cxx\ValueMetaData.i">
      <Filter>SWIG\Common</Filter>
    </None>
    <None Include="..\ip-intelligence-cxx\src\common-cxx\Value.i">
      <Filter>SWIG\Common</Filter>
    </None>
    <None Include="..\ip-intelligence-cxx\src\common-cxx\Types.i">
      <Filter>SWIG\Common</Filter>
    </None>
    <None Include="..\ip-intelligence-cxx\src\common-cxx\ResultsBase.i">
      <Filter>SWIG\Common</Filter>
    </None>
    <None Include="..\ip-intelligence-cxx\src\common-cxx\RequiredPropertiesConfig.i">
      <Filter>SWIG\Common</Filter>
    </None>
    <None Include="..\ip-intelligence-cxx\src\common-cxx\PropertyMetaData.i">
      <Filter>SWIG\Common</Filter>
    </None>
    <None Include="..\ip-intelligence-cxx\src\common-cxx\ProfileMetaData.i">
      <Filter>SWIG\Common</Filter>
    </None>
    <None Include="..\ip-intelligence-cxx\src\common-cxx\MetaData.i">
      <Filter>SWIG\Common</Filter>
    </None>
    <None Include="..\ip-intelligence-cxx\src\common-cxx\MapStringStringIterator.i">
      <Filter>SWIG\Common</Filter>
    </None>
    <None Include="..\ip-intelligence-cxx\src\common-cxx\JavaTypes.i">
      <Filter>SWIG\Common</Filter>
    </None>
    <None Include="..\ip-intelligence-cxx\src\common-cxx\Exceptions.i">
      <Filter>SWIG\Common</Filter>
    </None>
    <None Include="..\ip-intelligence-cxx\src\common-cxx\EvidenceBase.i">
      <Filter>SWIG\Common</Filter>
    </None>
    <None Include="..\ip-intelligence-cxx\src\common-cxx\EngineBase.i">
      <Filter>SWIG\Common</Filter>
    </None>
    <None Include="..\ip-intelligence-cxx\src\common-cxx\Date.i">
      <Filter>SWIG\Common</Filter>
    </None>
    <None Include="..\ip-intelligence-cxx\src\common-cxx\CsTypes.i">
      <Filter>SWIG\Common</Filter>
    </None>
    <None Include="..\ip-intelligence-cxx\src\common-cxx\ConfigBase.i">
      <Filter>SWIG\Common</Filter>
    </None>
    <None Include="..\ip-intelligence-cxx\src\common-cxx\ComponentMetaData.i">
      <Filter>SWIG\Common</Filter>
    </None>
    <None Include="..\ip-intelligence-cxx\src\common-cxx\CollectionConfig.i">
      <Filter>SWIG\Common</Filter>
    </None>
    <None Include="..\ip-intelligence-cxx\src\common-cxx\Collection.i">
      <Filter>SWIG\Common</Filter>
    </None>
    <None Include="PreBuild.bat" />
  </ItemGroup>
  <ItemGroup>
    <ClCompile Include="..\IpIntelligenceEngineSwig_csharp.cpp">
      <Filter>Source Files</Filter>
    </ClCompile>
  </ItemGroup>
</Project>